
Microsoft Visual Studio Solution File, Format Version 12.00
# Visual Studio Version 16
VisualStudioVersion = 16.0.29009.5
MinimumVisualStudioVersion = 10.0.40219.1
Project("{FAE04EC0-301F-11D3-BF4B-00C04F79EFBC}") = "OysterCard", "src\OysterCard\OysterCard.csproj", "{E5B75D62-3FCD-4715-8ECB-642AE3E4BB92}"
EndProject
Project("{FAE04EC0-301F-11D3-BF4B-00C04F79EFBC}") = "OysterCard.Tests", "src\OysterCard.Tests\OysterCard.Tests.csproj", "{0368FF62-A091-420C-BFAE-4C4EED46D857}"
EndProject
Global
	GlobalSection(SolutionConfigurationPlatforms) = preSolution
		Debug|Any CPU = Debug|Any CPU
		Release|Any CPU = Release|Any CPU
	EndGlobalSection
	GlobalSection(ProjectConfigurationPlatforms) = postSolution
		{E5B75D62-3FCD-4715-8ECB-642AE3E4BB92}.Debug|Any CPU.ActiveCfg = Debug|Any CPU
		{E5B75D62-3FCD-4715-8ECB-642AE3E4BB92}.Debug|Any CPU.Build.0 = Debug|Any CPU
		{E5B75D62-3FCD-4715-8ECB-642AE3E4BB92}.Release|Any CPU.ActiveCfg = Release|Any CPU
		{E5B75D62-3FCD-4715-8ECB-642AE3E4BB92}.Release|Any CPU.Build.0 = Release|Any CPU
		{0368FF62-A091-420C-BFAE-4C4EED46D857}.Debug|Any CPU.ActiveCfg = Debug|Any CPU
		{0368FF62-A091-420C-BFAE-4C4EED46D857}.Debug|Any CPU.Build.0 = Debug|Any CPU
		{0368FF62-A091-420C-BFAE-4C4EED46D857}.Release|Any CPU.ActiveCfg = Release|Any CPU
		{0368FF62-A091-420C-BFAE-4C4EED46D857}.Release|Any CPU.Build.0 = Release|Any CPU
	EndGlobalSection
	GlobalSection(SolutionProperties) = preSolution
		HideSolutionNode = FALSE
	EndGlobalSection
	GlobalSection(ExtensibilityGlobals) = postSolution
		SolutionGuid = {792DBE79-FBB1-4CB9-9435-DF69ED4EBE97}
	EndGlobalSection
EndGlobal
